
Microsoft Visual Studio Solution File, Format Version 10.00
# Visual Studio 2008
Project("{FAE04EC0-301F-11D3-BF4B-00C04F79EFBC}") = "WinformMVPLongRunningUX", "WinformMVPLongRunningUX\WinformMVPLongRunningUX.csproj", "{4CED8944-845D-44B7-9D64-60272D7EE21D}"
EndProject
Global
	GlobalSection(SolutionConfigurationPlatforms) = preSolution
		Debug|Any CPU = Debug|Any CPU
		Release|Any CPU = Release|Any CPU
	EndGlobalSection
	GlobalSection(ProjectConfigurationPlatforms) = postSolution
		{4CED8944-845D-44B7-9D64-60272D7EE21D}.Debug|Any CPU.ActiveCfg = Debug|Any CPU
		{4CED8944-845D-44B7-9D64-60272D7EE21D}.Debug|Any CPU.Build.0 = Debug|Any CPU
		{4CED8944-845D-44B7-9D64-60272D7EE21D}.Release|Any CPU.ActiveCfg = Release|Any CPU
		{4CED8944-845D-44B7-9D64-60272D7EE21D}.Release|Any CPU.Build.0 = Release|Any CPU
	EndGlobalSection
	GlobalSection(SolutionProperties) = preSolution
		HideSolutionNode = FALSE
	EndGlobalSection
EndGlobal
